
Microsoft Visual Studio Solution File, Format Version 12.00
# Visual Studio 2012
Project("{D954291E-2A0B-460D-934E-DC6B0785DB48}") = "SquaringSquares", "SquaringSquares\SquaringSquares.shproj", "{2F414BA8-4956-47F5-9B70-B3CB98EED3C0}"
EndProject
Project("{FAE04EC0-301F-11D3-BF4B-00C04F79EFBC}") = "SquaringSquares.iOS", "iOS\SquaringSquares.iOS.csproj", "{907E92FC-15AF-411C-BA8D-7B4A49A7E0D2}"
EndProject
Project("{FAE04EC0-301F-11D3-BF4B-00C04F79EFBC}") = "SquaringSquares.Droid", "Droid\SquaringSquares.Droid.csproj", "{CE48CB27-51FF-4F58-82E4-3E8DF33DD2D1}"
EndProject
Global
	GlobalSection(SolutionConfigurationPlatforms) = preSolution
		Debug|iPhoneSimulator = Debug|iPhoneSimulator
		Release|iPhone = Release|iPhone
		Release|iPhoneSimulator = Release|iPhoneSimulator
		Debug|iPhone = Debug|iPhone
		Debug|Any CPU = Debug|Any CPU
		Release|Any CPU = Release|Any CPU
	EndGlobalSection
	GlobalSection(ProjectConfigurationPlatforms) = postSolution
		{907E92FC-15AF-411C-BA8D-7B4A49A7E0D2}.Debug|iPhoneSimulator.ActiveCfg = Debug|iPhoneSimulator
		{907E92FC-15AF-411C-BA8D-7B4A49A7E0D2}.Debug|iPhoneSimulator.Build.0 = Debug|iPhoneSimulator
		{907E92FC-15AF-411C-BA8D-7B4A49A7E0D2}.Release|iPhone.ActiveCfg = Release|iPhone
		{907E92FC-15AF-411C-BA8D-7B4A49A7E0D2}.Release|iPhone.Build.0 = Release|iPhone
		{907E92FC-15AF-411C-BA8D-7B4A49A7E0D2}.Release|iPhoneSimulator.ActiveCfg = Release|iPhoneSimulator
		{907E92FC-15AF-411C-BA8D-7B4A49A7E0D2}.Release|iPhoneSimulator.Build.0 = Release|iPhoneSimulator
		{907E92FC-15AF-411C-BA8D-7B4A49A7E0D2}.Debug|iPhone.ActiveCfg = Debug|iPhone
		{907E92FC-15AF-411C-BA8D-7B4A49A7E0D2}.Debug|iPhone.Build.0 = Debug|iPhone
		{907E92FC-15AF-411C-BA8D-7B4A49A7E0D2}.Debug|Any CPU.ActiveCfg = Debug|iPhoneSimulator
		{907E92FC-15AF-411C-BA8D-7B4A49A7E0D2}.Debug|Any CPU.Build.0 = Debug|iPhoneSimulator
		{907E92FC-15AF-411C-BA8D-7B4A49A7E0D2}.Release|Any CPU.ActiveCfg = Release|iPhone
		{907E92FC-15AF-411C-BA8D-7B4A49A7E0D2}.Release|Any CPU.Build.0 = Release|iPhone
		{CE48CB27-51FF-4F58-82E4-3E8DF33DD2D1}.Debug|iPhoneSimulator.ActiveCfg = Debug|Any CPU
		{CE48CB27-51FF-4F58-82E4-3E8DF33DD2D1}.Debug|iPhoneSimulator.Build.0 = Debug|Any CPU
		{CE48CB27-51FF-4F58-82E4-3E8DF33DD2D1}.Release|iPhone.ActiveCfg = Release|Any CPU
		{CE48CB27-51FF-4F58-82E4-3E8DF33DD2D1}.Release|iPhone.Build.0 = Release|Any CPU
		{CE48CB27-51FF-4F58-82E4-3E8DF33DD2D1}.Release|iPhoneSimulator.ActiveCfg = Release|Any CPU
		{CE48CB27-51FF-4F58-82E4-3E8DF33DD2D1}.Release|iPhoneSimulator.Build.0 = Release|Any CPU
		{CE48CB27-51FF-4F58-82E4-3E8DF33DD2D1}.Debug|iPhone.ActiveCfg = Debug|Any CPU
		{CE48CB27-51FF-4F58-82E4-3E8DF33DD2D1}.Debug|iPhone.Build.0 = Debug|Any CPU
		{CE48CB27-51FF-4F58-82E4-3E8DF33DD2D1}.Debug|Any CPU.ActiveCfg = Debug|Any CPU
		{CE48CB27-51FF-4F58-82E4-3E8DF33DD2D1}.Debug|Any CPU.Build.0 = Debug|Any CPU
		{CE48CB27-51FF-4F58-82E4-3E8DF33DD2D1}.Release|Any CPU.ActiveCfg = Release|Any CPU
		{CE48CB27-51FF-4F58-82E4-3E8DF33DD2D1}.Release|Any CPU.Build.0 = Release|Any CPU
	EndGlobalSection
EndGlobal
